
Microsoft Visual Studio Solution File, Format Version 12.00
# Visual Studio Version 16
VisualStudioVersion = 16.0.31729.503
MinimumVisualStudioVersion = 10.0.40219.1
Project("{FAE04EC0-301F-11D3-BF4B-00C04F79EFBC}") = "Bolicho.MVC", "Bolicho.MVC\Bolicho.MVC.csproj", "{8057D126-81A2-4514-80B9-37DD11AB3BCB}"
EndProject
Global
	GlobalSection(SolutionConfigurationPlatforms) = preSolution
		Debug|Any CPU = Debug|Any CPU
		Release|Any CPU = Release|Any CPU
	EndGlobalSection
	GlobalSection(ProjectConfigurationPlatforms) = postSolution
		{8057D126-81A2-4514-80B9-37DD11AB3BCB}.Debug|Any CPU.ActiveCfg = Debug|Any CPU
		{8057D126-81A2-4514-80B9-37DD11AB3BCB}.Debug|Any CPU.Build.0 = Debug|Any CPU
		{8057D126-81A2-4514-80B9-37DD11AB3BCB}.Release|Any CPU.ActiveCfg = Release|Any CPU
		{8057D126-81A2-4514-80B9-37DD11AB3BCB}.Release|Any CPU.Build.0 = Release|Any CPU
	EndGlobalSection
	GlobalSection(SolutionProperties) = preSolution
		HideSolutionNode = FALSE
	EndGlobalSection
	GlobalSection(ExtensibilityGlobals) = postSolution
		SolutionGuid = {AF1D2AB2-EDDE-447B-A2C1-F23222F078D8}
	EndGlobalSection
EndGlobal
